// !$*UTF8*$!
{
	archiveVersion = 1;
	classes = {
	};
	objectVersion = 77;
	objects = {

/* Begin PBXContainerItemProxy section */
		75F1EB032D37DA040040D8B0 /* PBXContainerItemProxy */ = {
			isa = PBXContainerItemProxy;
			containerPortal = 75F1EAE82D37D9FF0040D8B0 /* Project object */;
			proxyType = 1;
			remoteGlobalIDString = 75F1EAEF2D37D9FF0040D8B0;
			remoteInfo = TurnWork;
		};
		75F1EB0D2D37DA040040D8B0 /* PBXContainerItemProxy */ = {
			isa = PBXContainerItemProxy;
			containerPortal = 75F1EAE82D37D9FF0040D8B0 /* Project object */;
			proxyType = 1;
			remoteGlobalIDString = 75F1EAEF2D37D9FF0040D8B0;
			remoteInfo = TurnWork;
		};
/* End PBXContainerItemProxy section */

/* Begin PBXFileReference section */
		75F1EAF02D37D9FF0040D8B0 /* TurnWork.app */ = {isa = PBXFileReference; explicitFileType = wrapper.application; includeInIndex = 0; path = TurnWork.app; sourceTree = BUILT_PRODUCTS_DIR; };
		75F1EB022D37DA040040D8B0 /* TurnWorkTests.xctest */ = {isa = PBXFileReference; explicitFileType = wrapper.cfbundle; includeInIndex = 0; path = TurnWorkTests.xctest; sourceTree = BUILT_PRODUCTS_DIR; };
		75F1EB0C2D37DA040040D8B0 /* TurnWorkUITests.xctest */ = {isa = PBXFileReference; explicitFileType = wrapper.cfbundle; includeInIndex = 0; path = TurnWorkUITests.xctest; sourceTree = BUILT_PRODUCTS_DIR; };
/* End PBXFileReference section */

/* Begin PBXFileSystemSynchronizedBuildFileExceptionSet section */
		758E959E2D70C06B00DDC315 /* Exceptions for "TurnWork" folder in "TurnWork" target */ = {
			isa = PBXFileSystemSynchronizedBuildFileExceptionSet;
			membershipExceptions = (
				Info.plist,
			);
			target = 75F1EAEF2D37D9FF0040D8B0 /* TurnWork */;
		};
/* End PBXFileSystemSynchronizedBuildFileExceptionSet section */

/* Begin PBXFileSystemSynchronizedRootGroup section */
		75F1EAF22D37D9FF0040D8B0 /* TurnWork */ = {
			isa = PBXFileSystemSynchronizedRootGroup;
			exceptions = (
				758E959E2D70C06B00DDC315 /* Exceptions for "TurnWork" folder in "TurnWork" target */,
			);
			path = TurnWork;
			sourceTree = "<group>";
		};
		75F1EB052D37DA040040D8B0 /* TurnWorkTests */ = {
			isa = PBXFileSystemSynchronizedRootGroup;
			path = TurnWorkTests;
			sourceTree = "<group>";
		};
		75F1EB0F2D37DA040040D8B0 /* TurnWorkUITests */ = {
			isa = PBXFileSystemSynchronizedRootGroup;
			path = TurnWorkUITests;
			sourceTree = "<group>";
		};
/* End PBXFileSystemSynchronizedRootGroup section */

/* Begin PBXFrameworksBuildPhase section */
		75F1EAED2D37D9FF0040D8B0 /* Frameworks */ = {
			isa = PBXFrameworksBuildPhase;
			buildActionMask = 2147483647;
			files = (
			);
			runOnlyForDeploymentPostprocessing = 0;
		};
		75F1EAFF2D37DA040040D8B0 /* Frameworks */ = {
			isa = PBXFrameworksBuildPhase;
			buildActionMask = 2147483647;
			files = (
			);
			runOnlyForDeploymentPostprocessing = 0;
		};
		75F1EB092D37DA040040D8B0 /* Frameworks */ = {
			isa = PBXFrameworksBuildPhase;
			buildActionMask = 2147483647;
			files = (
			);
			runOnlyForDeploymentPostprocessing = 0;
		};
/* End PBXFrameworksBuildPhase section */

/* Begin PBXGroup section */
		75F1EAE72D37D9FF0040D8B0 = {
			isa = PBXGroup;
			children = (
				75F1EAF22D37D9FF0040D8B0 /* TurnWork */,
				75F1EB052D37DA040040D8B0 /* TurnWorkTests */,
				75F1EB0F2D37DA040040D8B0 /* TurnWorkUITests */,
				75F1EAF12D37D9FF0040D8B0 /* Products */,
			);
			sourceTree = "<group>";
		};
		75F1EAF12D37D9FF0040D8B0 /* Products */ = {
			isa = PBXGroup;
			children = (
				75F1EAF02D37D9FF0040D8B0 /* TurnWork.app */,
				75F1EB022D37DA040040D8B0 /* TurnWorkTests.xctest */,
				75F1EB0C2D37DA040040D8B0 /* TurnWorkUITests.xctest */,
			);
			name = Products;
			sourceTree = "<group>";
		};
/* End PBXGroup section */

/* Begin PBXNativeTarget section */
		75F1EAEF2D37D9FF0040D8B0 /* TurnWork */ = {
			isa = PBXNativeTarget;
			buildConfigurationList = 75F1EB162D37DA040040D8B0 /* Build configuration list for PBXNativeTarget "TurnWork" */;
			buildPhases = (
				75F1EAEC2D37D9FF0040D8B0 /* Sources */,
				75F1EAED2D37D9FF0040D8B0 /* Frameworks */,
				75F1EAEE2D37D9FF0040D8B0 /* Resources */,
			);
			buildRules = (
			);
			dependencies = (
			);
			fileSystemSynchronizedGroups = (
				75F1EAF22D37D9FF0040D8B0 /* TurnWork */,
			);
			name = TurnWork;
			packageProductDependencies = (
			);
			productName = TurnWork;
			productReference = 75F1EAF02D37D9FF0040D8B0 /* TurnWork.app */;
			productType = "com.apple.product-type.application";
		};
		75F1EB012D37DA040040D8B0 /* TurnWorkTests */ = {
			isa = PBXNativeTarget;
			buildConfigurationList = 75F1EB192D37DA040040D8B0 /* Build configuration list for PBXNativeTarget "TurnWorkTests" */;
			buildPhases = (
				75F1EAFE2D37DA040040D8B0 /* Sources */,
				75F1EAFF2D37DA040040D8B0 /* Frameworks */,
				75F1EB002D37DA040040D8B0 /* Resources */,
			);
			buildRules = (
			);
			dependencies = (
				75F1EB042D37DA040040D8B0 /* PBXTargetDependency */,
			);
			fileSystemSynchronizedGroups = (
				75F1EB052D37DA040040D8B0 /* TurnWorkTests */,
			);
			name = TurnWorkTests;
			packageProductDependencies = (
			);
			productName = TurnWorkTests;
			productReference = 75F1EB022D37DA040040D8B0 /* TurnWorkTests.xctest */;
			productType = "com.apple.product-type.bundle.unit-test";
		};
		75F1EB0B2D37DA040040D8B0 /* TurnWorkUITests */ = {
			isa = PBXNativeTarget;
			buildConfigurationList = 75F1EB1C2D37DA040040D8B0 /* Build configuration list for PBXNativeTarget "TurnWorkUITests" */;
			buildPhases = (
				75F1EB082D37DA040040D8B0 /* Sources */,
				75F1EB092D37DA040040D8B0 /* Frameworks */,
				75F1EB0A2D37DA040040D8B0 /* Resources */,
			);
			buildRules = (
			);
			dependencies = (
				75F1EB0E2D37DA040040D8B0 /* PBXTargetDependency */,
			);
			fileSystemSynchronizedGroups = (
				75F1EB0F2D37DA040040D8B0 /* TurnWorkUITests */,
			);
			name = TurnWorkUITests;
			packageProductDependencies = (
			);
			productName = TurnWorkUITests;
			productReference = 75F1EB0C2D37DA040040D8B0 /* TurnWorkUITests.xctest */;
			productType = "com.apple.product-type.bundle.ui-testing";
		};
/* End PBXNativeTarget section */

/* Begin PBXProject section */
		75F1EAE82D37D9FF0040D8B0 /* Project object */ = {
			isa = PBXProject;
			attributes = {
				BuildIndependentTargetsInParallel = 1;
				LastSwiftUpdateCheck = 1600;
				LastUpgradeCheck = 1600;
				TargetAttributes = {
					75F1EAEF2D37D9FF0040D8B0 = {
						CreatedOnToolsVersion = 16.0;
					};
					75F1EB012D37DA040040D8B0 = {
						CreatedOnToolsVersion = 16.0;
						TestTargetID = 75F1EAEF2D37D9FF0040D8B0;
					};
					75F1EB0B2D37DA040040D8B0 = {
						CreatedOnToolsVersion = 16.0;
						TestTargetID = 75F1EAEF2D37D9FF0040D8B0;
					};
				};
			};
			buildConfigurationList = 75F1EAEB2D37D9FF0040D8B0 /* Build configuration list for PBXProject "TurnWork" */;
			developmentRegion = "zh-Hans";
			hasScannedForEncodings = 0;
			knownRegions = (
				en,
				Base,
				"zh-Hans",
			);
			mainGroup = 75F1EAE72D37D9FF0040D8B0;
			minimizedProjectReferenceProxies = 1;
			preferredProjectObjectVersion = 77;
			productRefGroup = 75F1EAF12D37D9FF0040D8B0 /* Products */;
			projectDirPath = "";
			projectRoot = "";
			targets = (
				75F1EAEF2D37D9FF0040D8B0 /* TurnWork */,
				75F1EB012D37DA040040D8B0 /* TurnWorkTests */,
				75F1EB0B2D37DA040040D8B0 /* TurnWorkUITests */,
			);
		};
/* End PBXProject section */

/* Begin PBXResourcesBuildPhase section */
		75F1EAEE2D37D9FF0040D8B0 /* Resources */ = {
			isa = PBXResourcesBuildPhase;
			buildActionMask = 2147483647;
			files = (
			);
			runOnlyForDeploymentPostprocessing = 0;
		};
		75F1EB002D37DA040040D8B0 /* Resources */ = {
			isa = PBXResourcesBuildPhase;
			buildActionMask = 2147483647;
			files = (
			);
			runOnlyForDeploymentPostprocessing = 0;
		};
		75F1EB0A2D37DA040040D8B0 /* Resources */ = {
			isa = PBXResourcesBuildPhase;
			buildActionMask = 2147483647;
			files = (
			);
			runOnlyForDeploymentPostprocessing = 0;
		};
/* End PBXResourcesBuildPhase section */

/* Begin PBXSourcesBuildPhase section */
		75F1EAEC2D37D9FF0040D8B0 /* Sources */ = {
			isa = PBXSourcesBuildPhase;
			buildActionMask = 2147483647;
			files = (
			);
			runOnlyForDeploymentPostprocessing = 0;
		};
		75F1EAFE2D37DA040040D8B0 /* Sources */ = {
			isa = PBXSourcesBuildPhase;
			buildActionMask = 2147483647;
			files = (
			);
			runOnlyForDeploymentPostprocessing = 0;
		};
		75F1EB082D37DA040040D8B0 /* Sources */ = {
			isa = PBXSourcesBuildPhase;
			buildActionMask = 2147483647;
			files = (
			);
			runOnlyForDeploymentPostprocessing = 0;
		};
/* End PBXSourcesBuildPhase section */

/* Begin PBXTargetDependency section */
		75F1EB042D37DA040040D8B0 /* PBXTargetDependency */ = {
			isa = PBXTargetDependency;
			target = 75F1EAEF2D37D9FF0040D8B0 /* TurnWork */;
			targetProxy = 75F1EB032D37DA040040D8B0 /* PBXContainerItemProxy */;
		};
		75F1EB0E2D37DA040040D8B0 /* PBXTargetDependency */ = {
			isa = PBXTargetDependency;
			target = 75F1EAEF2D37D9FF0040D8B0 /* TurnWork */;
			targetProxy = 75F1EB0D2D37DA040040D8B0 /* PBXContainerItemProxy */;
		};
/* End PBXTargetDependency section */

/* Begin XCBuildConfiguration section */
		75F1EB142D37DA040040D8B0 /* Debug */ = {
			isa = XCBuildConfiguration;
			buildSettings = {
				ALWAYS_SEARCH_USER_PATHS = NO;
				ASSETCATALOG_COMPILER_GENERATE_SWIFT_ASSET_SYMBOL_EXTENSIONS = YES;
				CLANG_ANALYZER_NONNULL = YES;
				CLANG_ANALYZER_NUMBER_OBJECT_CONVERSION = YES_AGGRESSIVE;
				CLANG_CXX_LANGUAGE_STANDARD = "gnu++20";
				CLANG_ENABLE_MODULES = YES;
				CLANG_ENABLE_OBJC_ARC = YES;
				CLANG_ENABLE_OBJC_WEAK = YES;
				CLANG_WARN_BLOCK_CAPTURE_AUTORELEASING = YES;
				CLANG_WARN_BOOL_CONVERSION = YES;
				CLANG_WARN_COMMA = YES;
				CLANG_WARN_CONSTANT_CONVERSION = YES;
				CLANG_WARN_DEPRECATED_OBJC_IMPLEMENTATIONS = YES;
				CLANG_WARN_DIRECT_OBJC_ISA_USAGE = YES_ERROR;
				CLANG_WARN_DOCUMENTATION_COMMENTS = YES;
				CLANG_WARN_EMPTY_BODY = YES;
				CLANG_WARN_ENUM_CONVERSION = YES;
				CLANG_WARN_INFINITE_RECURSION = YES;
				CLANG_WARN_INT_CONVERSION = YES;
				CLANG_WARN_NON_LITERAL_NULL_CONVERSION = YES;
				CLANG_WARN_OBJC_IMPLICIT_RETAIN_SELF = YES;
				CLANG_WARN_OBJC_LITERAL_CONVERSION = YES;
				CLANG_WARN_OBJC_ROOT_CLASS = YES_ERROR;
				CLANG_WARN_QUOTED_INCLUDE_IN_FRAMEWORK_HEADER = YES;
				CLANG_WARN_RANGE_LOOP_ANALYSIS = YES;
				CLANG_WARN_STRICT_PROTOTYPES = YES;
				CLANG_WARN_SUSPICIOUS_MOVE = YES;
				CLANG_WARN_UNGUARDED_AVAILABILITY = YES_AGGRESSIVE;
				CLANG_WARN_UNREACHABLE_CODE = YES;
				CLANG_WARN__DUPLICATE_METHOD_MATCH = YES;
				COPY_PHASE_STRIP = NO;
				DEBUG_INFORMATION_FORMAT = dwarf;
				ENABLE_STRICT_OBJC_MSGSEND = YES;
				ENABLE_TESTABILITY = YES;
				ENABLE_USER_SCRIPT_SANDBOXING = YES;
				GCC_C_LANGUAGE_STANDARD = gnu17;
				GCC_DYNAMIC_NO_PIC = NO;
				GCC_NO_COMMON_BLOCKS = YES;
				GCC_OPTIMIZATION_LEVEL = 0;
				GCC_PREPROCESSOR_DEFINITIONS = (
					"DEBUG=1",
					"$(inherited)",
				);
				GCC_WARN_64_TO_32_BIT_CONVERSION = YES;
				GCC_WARN_ABOUT_RETURN_TYPE = YES_ERROR;
				GCC_WARN_UNDECLARED_SELECTOR = YES;
				GCC_WARN_UNINITIALIZED_AUTOS = YES_AGGRESSIVE;
				GCC_WARN_UNUSED_FUNCTION = YES;
				GCC_WARN_UNUSED_VARIABLE = YES;
				IPHONEOS_DEPLOYMENT_TARGET = 18.0;
				LOCALIZATION_PREFERS_STRING_CATALOGS = YES;
				MTL_ENABLE_DEBUG_INFO = INCLUDE_SOURCE;
				MTL_FAST_MATH = YES;
				ONLY_ACTIVE_ARCH = YES;
				SDKROOT = iphoneos;
				SWIFT_ACTIVE_COMPILATION_CONDITIONS = "DEBUG $(inherited)";
				SWIFT_OPTIMIZATION_LEVEL = "-Onone";
			};
			name = Debug;
		};
		75F1EB152D37DA040040D8B0 /* Release */ = {
			isa = XCBuildConfiguration;
			buildSettings = {
				ALWAYS_SEARCH_USER_PATHS = NO;
				ASSETCATALOG_COMPILER_GENERATE_SWIFT_ASSET_SYMBOL_EXTENSIONS = YES;
				CLANG_ANALYZER_NONNULL = YES;
				CLANG_ANALYZER_NUMBER_OBJECT_CONVERSION = YES_AGGRESSIVE;
				CLANG_CXX_LANGUAGE_STANDARD = "gnu++20";
				CLANG_ENABLE_MODULES = YES;
				CLANG_ENABLE_OBJC_ARC = YES;
				CLANG_ENABLE_OBJC_WEAK = YES;
				CLANG_WARN_BLOCK_CAPTURE_AUTORELEASING = YES;
				CLANG_WARN_BOOL_CONVERSION = YES;
				CLANG_WARN_COMMA = YES;
				CLANG_WARN_CONSTANT_CONVERSION = YES;
				CLANG_WARN_DEPRECATED_OBJC_IMPLEMENTATIONS = YES;
				CLANG_WARN_DIRECT_OBJC_ISA_USAGE = YES_ERROR;
				CLANG_WARN_DOCUMENTATION_COMMENTS = YES;
				CLANG_WARN_EMPTY_BODY = YES;
				CLANG_WARN_ENUM_CONVERSION = YES;
				CLANG_WARN_INFINITE_RECURSION = YES;
				CLANG_WARN_INT_CONVERSION = YES;
				CLANG_WARN_NON_LITERAL_NULL_CONVERSION = YES;
				CLANG_WARN_OBJC_IMPLICIT_RETAIN_SELF = YES;
				CLANG_WARN_OBJC_LITERAL_CONVERSION = YES;
				CLANG_WARN_OBJC_ROOT_CLASS = YES_ERROR;
				CLANG_WARN_QUOTED_INCLUDE_IN_FRAMEWORK_HEADER = YES;
				CLANG_WARN_RANGE_LOOP_ANALYSIS = YES;
				CLANG_WARN_STRICT_PROTOTYPES = YES;
				CLANG_WARN_SUSPICIOUS_MOVE = YES;
				CLANG_WARN_UNGUARDED_AVAILABILITY = YES_AGGRESSIVE;
				CLANG_WARN_UNREACHABLE_CODE = YES;
				CLANG_WARN__DUPLICATE_METHOD_MATCH = YES;
				COPY_PHASE_STRIP = NO;
				DEBUG_INFORMATION_FORMAT = "dwarf-with-dsym";
				ENABLE_NS_ASSERTIONS = NO;
				ENABLE_STRICT_OBJC_MSGSEND = YES;
				ENABLE_USER_SCRIPT_SANDBOXING = YES;
				GCC_C_LANGUAGE_STANDARD = gnu17;
				GCC_NO_COMMON_BLOCKS = YES;
				GCC_WARN_64_TO_32_BIT_CONVERSION = YES;
				GCC_WARN_ABOUT_RETURN_TYPE = YES_ERROR;
				GCC_WARN_UNDECLARED_SELECTOR = YES;
				GCC_WARN_UNINITIALIZED_AUTOS = YES_AGGRESSIVE;
				GCC_WARN_UNUSED_FUNCTION = YES;
				GCC_WARN_UNUSED_VARIABLE = YES;
				IPHONEOS_DEPLOYMENT_TARGET = 18.0;
				LOCALIZATION_PREFERS_STRING_CATALOGS = YES;
				MTL_ENABLE_DEBUG_INFO = NO;
				MTL_FAST_MATH = YES;
				SDKROOT = iphoneos;
				SWIFT_COMPILATION_MODE = wholemodule;
				VALIDATE_PRODUCT = YES;
			};
			name = Release;
		};
		75F1EB172D37DA040040D8B0 /* Debug */ = {
			isa = XCBuildConfiguration;
			buildSettings = {
				ASSETCATALOG_COMPILER_APPICON_NAME = AppIcon;
				ASSETCATALOG_COMPILER_GLOBAL_ACCENT_COLOR_NAME = AccentColor;
				CODE_SIGN_IDENTITY = "Apple Development";
				"CODE_SIGN_IDENTITY[sdk=iphoneos*]" = "iPhone Distribution";
				CODE_SIGN_STYLE = Manual;
				CURRENT_PROJECT_VERSION = 1;
				DEVELOPMENT_ASSET_PATHS = "\"TurnWork/Preview Content\"";
				DEVELOPMENT_TEAM = "";
				"DEVELOPMENT_TEAM[sdk=iphoneos*]" = T96XUV3H67;
				ENABLE_PREVIEWS = YES;
				GENERATE_INFOPLIST_FILE = YES;
				INFOPLIST_FILE = TurnWork/Info.plist;
				INFOPLIST_KEY_CFBundleDisplayName = "便捷轮班";
				INFOPLIST_KEY_NSMicrophoneUsageDescription = "需要使用麦克风来播放闹钟声音";
				INFOPLIST_KEY_UIApplicationSceneManifest_Generation = YES;
				INFOPLIST_KEY_UIApplicationSupportsIndirectInputEvents = YES;
				INFOPLIST_KEY_UILaunchScreen_Generation = YES;
				INFOPLIST_KEY_UISupportedInterfaceOrientations_iPad = "UIInterfaceOrientationPortrait UIInterfaceOrientationPortraitUpsideDown UIInterfaceOrientationLandscapeLeft UIInterfaceOrientationLandscapeRight";
				INFOPLIST_KEY_UISupportedInterfaceOrientations_iPhone = "UIInterfaceOrientationPortrait UIInterfaceOrientationLandscapeLeft UIInterfaceOrientationLandscapeRight";
				LD_RUNPATH_SEARCH_PATHS = (
					"$(inherited)",
					"@executable_path/Frameworks",
				);
				MARKETING_VERSION = 1.2;
				PRODUCT_BUNDLE_IDENTIFIER = com.viewenergy.turnwork;
				PRODUCT_NAME = "$(TARGET_NAME)";
				PROVISIONING_PROFILE_SPECIFIER = "";
				"PROVISIONING_PROFILE_SPECIFIER[sdk=iphoneos*]" = TurnWorkProfile;
				SWIFT_EMIT_LOC_STRINGS = YES;
				SWIFT_VERSION = 5.0;
				TARGETED_DEVICE_FAMILY = "1,2";
			};
			name = Debug;
		};
		75F1EB182D37DA040040D8B0 /* Release */ = {
			isa = XCBuildConfiguration;
			buildSettings = {
				ASSETCATALOG_COMPILER_APPICON_NAME = AppIcon;
				ASSETCATALOG_COMPILER_GLOBAL_ACCENT_COLOR_NAME = AccentColor;
				CODE_SIGN_IDENTITY = "Apple Distribution: hongchuang xiao (T96XUV3H67)";
				CODE_SIGN_STYLE = Manual;
				CURRENT_PROJECT_VERSION = 1;
				DEVELOPMENT_ASSET_PATHS = "\"TurnWork/Preview Content\"";
				DEVELOPMENT_TEAM = "";
				"DEVELOPMENT_TEAM[sdk=iphoneos*]" = T96XUV3H67;
				ENABLE_PREVIEWS = YES;
				GENERATE_INFOPLIST_FILE = YES;
				INFOPLIST_FILE = TurnWork/Info.plist;
				INFOPLIST_KEY_CFBundleDisplayName = "便捷轮班";
				INFOPLIST_KEY_NSMicrophoneUsageDescription = "需要使用麦克风来播放闹钟声音";
				INFOPLIST_KEY_UIApplicationSceneManifest_Generation = YES;
				INFOPLIST_KEY_UIApplicationSupportsIndirectInputEvents = YES;
				INFOPLIST_KEY_UILaunchScreen_Generation = YES;
				INFOPLIST_KEY_UISupportedInterfaceOrientations_iPad = "UIInterfaceOrientationPortrait UIInterfaceOrientationPortraitUpsideDown UIInterfaceOrientationLandscapeLeft UIInterfaceOrientationLandscapeRight";
				INFOPLIST_KEY_UISupportedInterfaceOrientations_iPhone = "UIInterfaceOrientationPortrait UIInterfaceOrientationLandscapeLeft UIInterfaceOrientationLandscapeRight";
				LD_RUNPATH_SEARCH_PATHS = (
					"$(inherited)",
					"@executable_path/Frameworks",
				);
				MARKETING_VERSION = 1.2;
				PRODUCT_BUNDLE_IDENTIFIER = com.viewenergy.turnwork;
				PRODUCT_NAME = "$(TARGET_NAME)";
				PROVISIONING_PROFILE_SPECIFIER = "";
				"PROVISIONING_PROFILE_SPECIFIER[sdk=iphoneos*]" = TurnWorkProfile;
				SWIFT_EMIT_LOC_STRINGS = YES;
				SWIFT_VERSION = 5.0;
				TARGETED_DEVICE_FAMILY = "1,2";
			};
			name = Release;
		};
		75F1EB1A2D37DA040040D8B0 /* Debug */ = {
			isa = XCBuildConfiguration;
			buildSettings = {
				BUNDLE_LOADER = "$(TEST_HOST)";
				CODE_SIGN_STYLE = Automatic;
				CURRENT_PROJECT_VERSION = 1;
				GENERATE_INFOPLIST_FILE = YES;
				IPHONEOS_DEPLOYMENT_TARGET = 18.0;
				MARKETING_VERSION = 1.0;
				PRODUCT_BUNDLE_IDENTIFIER = personal.TurnWorkTests;
				PRODUCT_NAME = "$(TARGET_NAME)";
				SWIFT_EMIT_LOC_STRINGS = NO;
				SWIFT_VERSION = 5.0;
				TARGETED_DEVICE_FAMILY = "1,2";
				TEST_HOST = "$(BUILT_PRODUCTS_DIR)/TurnWork.app/$(BUNDLE_EXECUTABLE_FOLDER_PATH)/TurnWork";
			};
			name = Debug;
		};
		75F1EB1B2D37DA040040D8B0 /* Release */ = {
			isa = XCBuildConfiguration;
			buildSettings = {
				BUNDLE_LOADER = "$(TEST_HOST)";
				CODE_SIGN_STYLE = Automatic;
				CURRENT_PROJECT_VERSION = 1;
				GENERATE_INFOPLIST_FILE = YES;
				IPHONEOS_DEPLOYMENT_TARGET = 18.0;
				MARKETING_VERSION = 1.0;
				PRODUCT_BUNDLE_IDENTIFIER = personal.TurnWorkTests;
				PRODUCT_NAME = "$(TARGET_NAME)";
				SWIFT_EMIT_LOC_STRINGS = NO;
				SWIFT_VERSION = 5.0;
				TARGETED_DEVICE_FAMILY = "1,2";
				TEST_HOST = "$(BUILT_PRODUCTS_DIR)/TurnWork.app/$(BUNDLE_EXECUTABLE_FOLDER_PATH)/TurnWork";
			};
			name = Release;
		};
		75F1EB1D2D37DA040040D8B0 /* Debug */ = {
			isa = XCBuildConfiguration;
			buildSettings = {
				CODE_SIGN_STYLE = Automatic;
				CURRENT_PROJECT_VERSION = 1;
				GENERATE_INFOPLIST_FILE = YES;
				MARKETING_VERSION = 1.0;
				PRODUCT_BUNDLE_IDENTIFIER = personal.TurnWorkUITests;
				PRODUCT_NAME = "$(TARGET_NAME)";
				SWIFT_EMIT_LOC_STRINGS = NO;
				SWIFT_VERSION = 5.0;
				TARGETED_DEVICE_FAMILY = "1,2";
				TEST_TARGET_NAME = TurnWork;
			};
			name = Debug;
		};
		75F1EB1E2D37DA040040D8B0 /* Release */ = {
			isa = XCBuildConfiguration;
			buildSettings = {
				CODE_SIGN_STYLE = Automatic;
				CURRENT_PROJECT_VERSION = 1;
				GENERATE_INFOPLIST_FILE = YES;
				MARKETING_VERSION = 1.0;
				PRODUCT_BUNDLE_IDENTIFIER = personal.TurnWorkUITests;
				PRODUCT_NAME = "$(TARGET_NAME)";
				SWIFT_EMIT_LOC_STRINGS = NO;
				SWIFT_VERSION = 5.0;
				TARGETED_DEVICE_FAMILY = "1,2";
				TEST_TARGET_NAME = TurnWork;
			};
			name = Release;
		};
/* End XCBuildConfiguration section */

/* Begin XCConfigurationList section */
		75F1EAEB2D37D9FF0040D8B0 /* Build configuration list for PBXProject "TurnWork" */ = {
			isa = XCConfigurationList;
			buildConfigurations = (
				75F1EB142D37DA040040D8B0 /* Debug */,
				75F1EB152D37DA040040D8B0 /* Release */,
			);
			defaultConfigurationIsVisible = 0;
			defaultConfigurationName = Release;
		};
		75F1EB162D37DA040040D8B0 /* Build configuration list for PBXNativeTarget "TurnWork" */ = {
			isa = XCConfigurationList;
			buildConfigurations = (
				75F1EB172D37DA040040D8B0 /* Debug */,
				75F1EB182D37DA040040D8B0 /* Release */,
			);
			defaultConfigurationIsVisible = 0;
			defaultConfigurationName = Release;
		};
		75F1EB192D37DA040040D8B0 /* Build configuration list for PBXNativeTarget "TurnWorkTests" */ = {
			isa = XCConfigurationList;
			buildConfigurations = (
				75F1EB1A2D37DA040040D8B0 /* Debug */,
				75F1EB1B2D37DA040040D8B0 /* Release */,
			);
			defaultConfigurationIsVisible = 0;
			defaultConfigurationName = Release;
		};
		75F1EB1C2D37DA040040D8B0 /* Build configuration list for PBXNativeTarget "TurnWorkUITests" */ = {
			isa = XCConfigurationList;
			buildConfigurations = (
				75F1EB1D2D37DA040040D8B0 /* Debug */,
				75F1EB1E2D37DA040040D8B0 /* Release */,
			);
			defaultConfigurationIsVisible = 0;
			defaultConfigurationName = Release;
		};
/* End XCConfigurationList section */
	};
	rootObject = 75F1EAE82D37D9FF0040D8B0 /* Project object */;
}
